
Microsoft Visual Studio Solution File, Format Version 12.00
# Visual Studio Version 17
VisualStudioVersion = 17.6.33723.286
MinimumVisualStudioVersion = 10.0.40219.1
Project("{FAE04EC0-301F-11D3-BF4B-00C04F79EFBC}") = "Cliente", "Cliente.csproj", "{91781381-C570-49B1-9240-08A4CA6EC2EE}"
EndProject
Global
	GlobalSection(SolutionConfigurationPlatforms) = preSolution
		Debug|Any CPU = Debug|Any CPU
		Release|Any CPU = Release|Any CPU
	EndGlobalSection
	GlobalSection(ProjectConfigurationPlatforms) = postSolution
		{91781381-C570-49B1-9240-08A4CA6EC2EE}.Debug|Any CPU.ActiveCfg = Debug|Any CPU
		{91781381-C570-49B1-9240-08A4CA6EC2EE}.Debug|Any CPU.Build.0 = Debug|Any CPU
		{91781381-C570-49B1-9240-08A4CA6EC2EE}.Release|Any CPU.ActiveCfg = Release|Any CPU
		{91781381-C570-49B1-9240-08A4CA6EC2EE}.Release|Any CPU.Build.0 = Release|Any CPU
	EndGlobalSection
	GlobalSection(SolutionProperties) = preSolution
		HideSolutionNode = FALSE
	EndGlobalSection
	GlobalSection(ExtensibilityGlobals) = postSolution
		SolutionGuid = {2087521F-FECA-4474-A294-5011921CA1BD}
	EndGlobalSection
EndGlobal
